
Microsoft Visual Studio Solution File, Format Version 12.00
# Visual Studio Version 17
VisualStudioVersion = 17.2.32616.157
MinimumVisualStudioVersion = 10.0.40219.1
Project("{FAE04EC0-301F-11D3-BF4B-00C04F79EFBC}") = "CustomMiddleware", "CustomMiddleware\CustomMiddleware.csproj", "{A13D6BBE-8E13-4565-82F0-2791C68538C2}"
EndProject
Global
	GlobalSection(SolutionConfigurationPlatforms) = preSolution
		Debug|Any CPU = Debug|Any CPU
		Release|Any CPU = Release|Any CPU
	EndGlobalSection
	GlobalSection(ProjectConfigurationPlatforms) = postSolution
		{A13D6BBE-8E13-4565-82F0-2791C68538C2}.Debug|Any CPU.ActiveCfg = Debug|Any CPU
		{A13D6BBE-8E13-4565-82F0-2791C68538C2}.Debug|Any CPU.Build.0 = Debug|Any CPU
		{A13D6BBE-8E13-4565-82F0-2791C68538C2}.Release|Any CPU.ActiveCfg = Release|Any CPU
		{A13D6BBE-8E13-4565-82F0-2791C68538C2}.Release|Any CPU.Build.0 = Release|Any CPU
	EndGlobalSection
	GlobalSection(SolutionProperties) = preSolution
		HideSolutionNode = FALSE
	EndGlobalSection
	GlobalSection(ExtensibilityGlobals) = postSolution
		SolutionGuid = {A59D959E-F5D2-4FBB-9675-449C5679D307}
	EndGlobalSection
EndGlobal
