
Microsoft Visual Studio Solution File, Format Version 12.00
# Visual Studio Version 17
VisualStudioVersion = 17.2.32616.157
MinimumVisualStudioVersion = 10.0.40219.1
Project("{FAE04EC0-301F-11D3-BF4B-00C04F79EFBC}") = "Assignment1_Priyanshi", "Assignment1_Priyanshi.csproj", "{F489D552-7507-4E3F-A0E4-FA8A7AD9A58D}"
EndProject
Global
	GlobalSection(SolutionConfigurationPlatforms) = preSolution
		Debug|Any CPU = Debug|Any CPU
		Release|Any CPU = Release|Any CPU
	EndGlobalSection
	GlobalSection(ProjectConfigurationPlatforms) = postSolution
		{F489D552-7507-4E3F-A0E4-FA8A7AD9A58D}.Debug|Any CPU.ActiveCfg = Debug|Any CPU
		{F489D552-7507-4E3F-A0E4-FA8A7AD9A58D}.Debug|Any CPU.Build.0 = Debug|Any CPU
		{F489D552-7507-4E3F-A0E4-FA8A7AD9A58D}.Release|Any CPU.ActiveCfg = Release|Any CPU
		{F489D552-7507-4E3F-A0E4-FA8A7AD9A58D}.Release|Any CPU.Build.0 = Release|Any CPU
	EndGlobalSection
	GlobalSection(SolutionProperties) = preSolution
		HideSolutionNode = FALSE
	EndGlobalSection
	GlobalSection(ExtensibilityGlobals) = postSolution
		SolutionGuid = {544E2D33-BC58-4433-BF54-C35CAB439C4B}
	EndGlobalSection
EndGlobal
